
Microsoft Visual Studio Solution File, Format Version 12.00
# Visual Studio Version 17
VisualStudioVersion = 17.0.31903.59
MinimumVisualStudioVersion = 10.0.40219.1
Project("{2150E333-8FDC-42A3-9474-1A3956D46DE8}") = "src", "src", "{827E0CD3-B72D-47B6-A68D-7590B98EB39B}"
EndProject
Project("{2150E333-8FDC-42A3-9474-1A3956D46DE8}") = "BuildingBlocks", "BuildingBlocks", "{90298CBA-BD6F-3A0A-69D5-97CAD7B05E7E}"
EndProject
Project("{FAE04EC0-301F-11D3-BF4B-00C04F79EFBC}") = "NexaConnect.BuildingBlocks", "src\BuildingBlocks\NexaConnect.BuildingBlocks\NexaConnect.BuildingBlocks.csproj", "{F595250C-D1E7-4513-8FF8-CB6BE9A15235}"
EndProject
Project("{FAE04EC0-301F-11D3-BF4B-00C04F79EFBC}") = "NexaConnect.Contracts", "src\BuildingBlocks\NexaConnect.Contracts\NexaConnect.Contracts.csproj", "{864A0714-2148-4B82-AD7D-7F3624CDDA6C}"
EndProject
Project("{FAE04EC0-301F-11D3-BF4B-00C04F79EFBC}") = "NexaConnect.Infrastructure", "src\BuildingBlocks\NexaConnect.Infrastructure\NexaConnect.Infrastructure.csproj", "{D6C4C2C9-6B9A-4495-A062-2063D779A80F}"
EndProject
Project("{FAE04EC0-301F-11D3-BF4B-00C04F79EFBC}") = "NexaConnect.Shared", "src\BuildingBlocks\NexaConnect.Shared\NexaConnect.Shared.csproj", "{A45C72F0-B0FD-4553-A759-DA0E6B412673}"
EndProject
Project("{2150E333-8FDC-42A3-9474-1A3956D46DE8}") = "Gateway", "Gateway", "{6306A8FB-679E-111F-6585-8F70E0EE6013}"
EndProject
Project("{FAE04EC0-301F-11D3-BF4B-00C04F79EFBC}") = "NexaConnect.Gateway", "src\Gateway\NexaConnect.Gateway\NexaConnect.Gateway.csproj", "{7A4E2D93-31B2-4B8F-B228-79355BBEDD18}"
EndProject
Project("{2150E333-8FDC-42A3-9474-1A3956D46DE8}") = "Services", "Services", "{984BB9B3-3FA3-BE33-9484-CAC21695A33C}"
EndProject
Project("{FAE04EC0-301F-11D3-BF4B-00C04F79EFBC}") = "NexaConnect.Services.Catalog", "src\Services\NexaConnect.Services.Catalog\NexaConnect.Services.Catalog.csproj", "{D65491CD-20EC-4706-9BCC-6F9A52D24D08}"
EndProject
Project("{FAE04EC0-301F-11D3-BF4B-00C04F79EFBC}") = "NexaConnect.Services.Customer", "src\Services\NexaConnect.Services.Customer\NexaConnect.Services.Customer.csproj", "{A4F84DD0-785A-4E9E-AD8D-E64BF091D974}"
EndProject
Project("{FAE04EC0-301F-11D3-BF4B-00C04F79EFBC}") = "NexaConnect.Services.Inventory", "src\Services\NexaConnect.Services.Inventory\NexaConnect.Services.Inventory.csproj", "{2FE3351E-D5C0-45CA-9FF0-5AFA2C237200}"
EndProject
Project("{FAE04EC0-301F-11D3-BF4B-00C04F79EFBC}") = "NexaConnect.Services.Notification", "src\Services\NexaConnect.Services.Notification\NexaConnect.Services.Notification.csproj", "{87CE154B-2FF4-4C7D-8E57-CEAB27B210FF}"
EndProject
Project("{FAE04EC0-301F-11D3-BF4B-00C04F79EFBC}") = "NexaConnect.Services.Order", "src\Services\NexaConnect.Services.Order\NexaConnect.Services.Order.csproj", "{911CB5C4-586E-456C-A327-00B78D5C14D3}"
EndProject
Project("{FAE04EC0-301F-11D3-BF4B-00C04F79EFBC}") = "NexaConnect.Services.Payment", "src\Services\NexaConnect.Services.Payment\NexaConnect.Services.Payment.csproj", "{E388804A-39D7-43C7-AA22-9480F2767514}"
EndProject
Project("{FAE04EC0-301F-11D3-BF4B-00C04F79EFBC}") = "NexaConnect.Services.POS", "src\Services\NexaConnect.Services.POS\NexaConnect.Services.POS.csproj", "{50438A21-D0F9-48AD-AEF0-376BE9488CF3}"
EndProject
Project("{2150E333-8FDC-42A3-9474-1A3956D46DE8}") = "tests", "tests", "{0AB3BF05-4346-4AA6-1389-037BE0695223}"
EndProject
Project("{2150E333-8FDC-42A3-9474-1A3956D46DE8}") = "Architecture", "Architecture", "{875CD587-DE2F-08EE-74FB-D6BE4E474EF3}"
EndProject
Project("{FAE04EC0-301F-11D3-BF4B-00C04F79EFBC}") = "NexaConnect.ArchitectureTests", "tests\Architecture\NexaConnect.ArchitectureTests\NexaConnect.ArchitectureTests.csproj", "{8A94099D-EE73-490E-93BB-4133E31E3CA0}"
EndProject
Project("{2150E333-8FDC-42A3-9474-1A3956D46DE8}") = "Integration", "Integration", "{28A6993C-471E-82FE-7D9E-AD3B1EC22BD9}"
EndProject
Project("{FAE04EC0-301F-11D3-BF4B-00C04F79EFBC}") = "NexaConnect.IntegrationTests", "tests\Integration\NexaConnect.IntegrationTests\NexaConnect.IntegrationTests.csproj", "{F08FD25A-DFFD-4A7C-9902-6968FAA12878}"
EndProject
Project("{2150E333-8FDC-42A3-9474-1A3956D46DE8}") = "Unit", "Unit", "{9D556B49-86D1-93A7-9596-FFAAB74EC556}"
EndProject
Project("{FAE04EC0-301F-11D3-BF4B-00C04F79EFBC}") = "NexaConnect.UnitTests", "tests\Unit\NexaConnect.UnitTests\NexaConnect.UnitTests.csproj", "{383DE6C5-3653-4248-85F2-BD2B399C4CEF}"
EndProject
Project("{2150E333-8FDC-42A3-9474-1A3956D46DE8}") = "Tools", "Tools", "{DCB6FCB8-FF92-AC57-0842-1F72A354D6B1}"
EndProject
Project("{FAE04EC0-301F-11D3-BF4B-00C04F79EFBC}") = "NexaConnect.DataMigration", "src\Tools\NexaConnect.DataMigration\NexaConnect.DataMigration.csproj", "{53BC8ABA-7A90-4B38-BA53-23FBEA297E48}"
EndProject
Project("{FAE04EC0-301F-11D3-BF4B-00C04F79EFBC}") = "NexaConnect.DataGeneration", "src\Tools\NexaConnect.DataGeneration\NexaConnect.DataGeneration.csproj", "{2C97B186-A6E3-4460-B1C3-02F08B60B52A}"
EndProject
Project("{FAE04EC0-301F-11D3-BF4B-00C04F79EFBC}") = "NexaConnect.PaymentReviewAcceptance", "src\Tools\NexaConnect.PaymentReviewAcceptance\NexaConnect.PaymentReviewAcceptance.csproj", "{A1B2C3D4-5E6F-4789-ABCD-1029384756EF}"
EndProject
Project("{FAE04EC0-301F-11D3-BF4B-00C04F79EFBC}") = "NexaConnect.Services.PlatformDirectory", "src\Services\NexaConnect.Services.PlatformDirectory\NexaConnect.Services.PlatformDirectory.csproj", "{2EB891D5-4EB2-47A7-BF34-C616B8388C7B}"
EndProject
Project("{FAE04EC0-301F-11D3-BF4B-00C04F79EFBC}") = "NexaConnect.Services.Authorization", "src\Services\NexaConnect.Services.Authorization\NexaConnect.Services.Authorization.csproj", "{9D90EA6D-0E4E-44BC-B1DD-519FC19033D3}"
EndProject
Project("{FAE04EC0-301F-11D3-BF4B-00C04F79EFBC}") = "NexaConnect.Services.Restaurant", "src\Services\NexaConnect.Services.Restaurant\NexaConnect.Services.Restaurant.csproj", "{CA4F4E8A-AD08-468E-BDF9-2916DEA764AF}"
EndProject
Project("{2150E333-8FDC-42A3-9474-1A3956D46DE8}") = "Clients", "Clients", "{00B920E4-100F-D869-D8B1-04B3A2ED45DA}"
EndProject
Project("{FAE04EC0-301F-11D3-BF4B-00C04F79EFBC}") = "NexaConnect.POS", "src\Clients\NexaConnect.POS\NexaConnect.POS.csproj", "{CBAF943C-8093-423D-A69B-FDEF75F1C677}"
EndProject
Project("{FAE04EC0-301F-11D3-BF4B-00C04F79EFBC}") = "NexaConnect.Services.Kitchen", "src\Services\NexaConnect.Services.Kitchen\NexaConnect.Services.Kitchen.csproj", "{2715C983-AA77-4BEB-96C1-459A99F8A3F5}"
EndProject
Project("{FAE04EC0-301F-11D3-BF4B-00C04F79EFBC}") = "NexaConnect.CustomerBff", "src\Gateway\NexaConnect.CustomerBff\NexaConnect.CustomerBff.csproj", "{680FDCE5-99C7-4EB2-9A60-6507D94040AB}"
EndProject
Project("{FAE04EC0-301F-11D3-BF4B-00C04F79EFBC}") = "NexaConnect.PlatformAdminBff", "src\Gateway\NexaConnect.PlatformAdminBff\NexaConnect.PlatformAdminBff.csproj", "{7F4384A0-843C-4630-B6D1-3DA6BD5C93F1}"
EndProject
Project("{2150E333-8FDC-42A3-9474-1A3956D46DE8}") = "BuildingBlocks", "BuildingBlocks", "{7266C4A9-E384-DC00-0EB6-47F6002CFBA7}"
EndProject
Project("{FAE04EC0-301F-11D3-BF4B-00C04F79EFBC}") = "NexaConnect.Observability", "src\BuildingBlocks\NexaConnect.Observability\NexaConnect.Observability.csproj", "{AF6DCC37-617D-45D2-8C61-9978F44FBAC3}"
EndProject
Project("{FAE04EC0-301F-11D3-BF4B-00C04F79EFBC}") = "NexaConnect.Services.Reporting", "src\Services\NexaConnect.Services.Reporting\NexaConnect.Services.Reporting.csproj", "{A1A91AF7-7EEB-4A3E-828E-0B546DE29320}"
EndProject
Project("{FAE04EC0-301F-11D3-BF4B-00C04F79EFBC}") = "NexaConnect.Services.Media", "src\Services\NexaConnect.Services.Media\NexaConnect.Services.Media.csproj", "{53B40C40-7AC6-4B77-9C83-DA10E6DDE198}"
EndProject
Global
	GlobalSection(SolutionConfigurationPlatforms) = preSolution
		Debug|Any CPU = Debug|Any CPU
		Debug|x64 = Debug|x64
		Debug|x86 = Debug|x86
		Release|Any CPU = Release|Any CPU
		Release|x64 = Release|x64
		Release|x86 = Release|x86
	EndGlobalSection
	GlobalSection(ProjectConfigurationPlatforms) = postSolution
		{A1B2C3D4-5E6F-4789-ABCD-1029384756EF}.Debug|Any CPU.ActiveCfg = Debug|Any CPU
		{A1B2C3D4-5E6F-4789-ABCD-1029384756EF}.Debug|Any CPU.Build.0 = Debug|Any CPU
		{A1B2C3D4-5E6F-4789-ABCD-1029384756EF}.Debug|x64.ActiveCfg = Debug|Any CPU
		{A1B2C3D4-5E6F-4789-ABCD-1029384756EF}.Debug|x64.Build.0 = Debug|Any CPU
		{A1B2C3D4-5E6F-4789-ABCD-1029384756EF}.Debug|x86.ActiveCfg = Debug|Any CPU
		{A1B2C3D4-5E6F-4789-ABCD-1029384756EF}.Debug|x86.Build.0 = Debug|Any CPU
		{A1B2C3D4-5E6F-4789-ABCD-1029384756EF}.Release|Any CPU.ActiveCfg = Release|Any CPU
		{A1B2C3D4-5E6F-4789-ABCD-1029384756EF}.Release|Any CPU.Build.0 = Release|Any CPU
		{A1B2C3D4-5E6F-4789-ABCD-1029384756EF}.Release|x64.ActiveCfg = Release|Any CPU
		{A1B2C3D4-5E6F-4789-ABCD-1029384756EF}.Release|x64.Build.0 = Release|Any CPU
		{A1B2C3D4-5E6F-4789-ABCD-1029384756EF}.Release|x86.ActiveCfg = Release|Any CPU
		{A1B2C3D4-5E6F-4789-ABCD-1029384756EF}.Release|x86.Build.0 = Release|Any CPU
		{F595250C-D1E7-4513-8FF8-CB6BE9A15235}.Debug|Any CPU.ActiveCfg = Debug|Any CPU
		{F595250C-D1E7-4513-8FF8-CB6BE9A15235}.Debug|Any CPU.Build.0 = Debug|Any CPU
		{F595250C-D1E7-4513-8FF8-CB6BE9A15235}.Debug|x64.ActiveCfg = Debug|Any CPU
		{F595250C-D1E7-4513-8FF8-CB6BE9A15235}.Debug|x64.Build.0 = Debug|Any CPU
		{F595250C-D1E7-4513-8FF8-CB6BE9A15235}.Debug|x86.ActiveCfg = Debug|Any CPU
		{F595250C-D1E7-4513-8FF8-CB6BE9A15235}.Debug|x86.Build.0 = Debug|Any CPU
		{F595250C-D1E7-4513-8FF8-CB6BE9A15235}.Release|Any CPU.ActiveCfg = Release|Any CPU
		{F595250C-D1E7-4513-8FF8-CB6BE9A15235}.Release|Any CPU.Build.0 = Release|Any CPU
		{F595250C-D1E7-4513-8FF8-CB6BE9A15235}.Release|x64.ActiveCfg = Release|Any CPU
		{F595250C-D1E7-4513-8FF8-CB6BE9A15235}.Release|x64.Build.0 = Release|Any CPU
		{F595250C-D1E7-4513-8FF8-CB6BE9A15235}.Release|x86.ActiveCfg = Release|Any CPU
		{F595250C-D1E7-4513-8FF8-CB6BE9A15235}.Release|x86.Build.0 = Release|Any CPU
		{864A0714-2148-4B82-AD7D-7F3624CDDA6C}.Debug|Any CPU.ActiveCfg = Debug|Any CPU
		{864A0714-2148-4B82-AD7D-7F3624CDDA6C}.Debug|Any CPU.Build.0 = Debug|Any CPU
		{864A0714-2148-4B82-AD7D-7F3624CDDA6C}.Debug|x64.ActiveCfg = Debug|Any CPU
		{864A0714-2148-4B82-AD7D-7F3624CDDA6C}.Debug|x64.Build.0 = Debug|Any CPU
		{864A0714-2148-4B82-AD7D-7F3624CDDA6C}.Debug|x86.ActiveCfg = Debug|Any CPU
		{864A0714-2148-4B82-AD7D-7F3624CDDA6C}.Debug|x86.Build.0 = Debug|Any CPU
		{864A0714-2148-4B82-AD7D-7F3624CDDA6C}.Release|Any CPU.ActiveCfg = Release|Any CPU
		{864A0714-2148-4B82-AD7D-7F3624CDDA6C}.Release|Any CPU.Build.0 = Release|Any CPU
		{864A0714-2148-4B82-AD7D-7F3624CDDA6C}.Release|x64.ActiveCfg = Release|Any CPU
		{864A0714-2148-4B82-AD7D-7F3624CDDA6C}.Release|x64.Build.0 = Release|Any CPU
		{864A0714-2148-4B82-AD7D-7F3624CDDA6C}.Release|x86.ActiveCfg = Release|Any CPU
		{864A0714-2148-4B82-AD7D-7F3624CDDA6C}.Release|x86.Build.0 = Release|Any CPU
		{D6C4C2C9-6B9A-4495-A062-2063D779A80F}.Debug|Any CPU.ActiveCfg = Debug|Any CPU
		{D6C4C2C9-6B9A-4495-A062-2063D779A80F}.Debug|Any CPU.Build.0 = Debug|Any CPU
		{D6C4C2C9-6B9A-4495-A062-2063D779A80F}.Debug|x64.ActiveCfg = Debug|Any CPU
		{D6C4C2C9-6B9A-4495-A062-2063D779A80F}.Debug|x64.Build.0 = Debug|Any CPU
		{D6C4C2C9-6B9A-4495-A062-2063D779A80F}.Debug|x86.ActiveCfg = Debug|Any CPU
		{D6C4C2C9-6B9A-4495-A062-2063D779A80F}.Debug|x86.Build.0 = Debug|Any CPU
		{D6C4C2C9-6B9A-4495-A062-2063D779A80F}.Release|Any CPU.ActiveCfg = Release|Any CPU
		{D6C4C2C9-6B9A-4495-A062-2063D779A80F}.Release|Any CPU.Build.0 = Release|Any CPU
		{D6C4C2C9-6B9A-4495-A062-2063D779A80F}.Release|x64.ActiveCfg = Release|Any CPU
		{D6C4C2C9-6B9A-4495-A062-2063D779A80F}.Release|x64.Build.0 = Release|Any CPU
		{D6C4C2C9-6B9A-4495-A062-2063D779A80F}.Release|x86.ActiveCfg = Release|Any CPU
		{D6C4C2C9-6B9A-4495-A062-2063D779A80F}.Release|x86.Build.0 = Release|Any CPU
		{A45C72F0-B0FD-4553-A759-DA0E6B412673}.Debug|Any CPU.ActiveCfg = Debug|Any CPU
		{A45C72F0-B0FD-4553-A759-DA0E6B412673}.Debug|Any CPU.Build.0 = Debug|Any CPU
		{A45C72F0-B0FD-4553-A759-DA0E6B412673}.Debug|x64.ActiveCfg = Debug|Any CPU
		{A45C72F0-B0FD-4553-A759-DA0E6B412673}.Debug|x64.Build.0 = Debug|Any CPU
		{A45C72F0-B0FD-4553-A759-DA0E6B412673}.Debug|x86.ActiveCfg = Debug|Any CPU
		{A45C72F0-B0FD-4553-A759-DA0E6B412673}.Debug|x86.Build.0 = Debug|Any CPU
		{A45C72F0-B0FD-4553-A759-DA0E6B412673}.Release|Any CPU.ActiveCfg = Release|Any CPU
		{A45C72F0-B0FD-4553-A759-DA0E6B412673}.Release|Any CPU.Build.0 = Release|Any CPU
		{A45C72F0-B0FD-4553-A759-DA0E6B412673}.Release|x64.ActiveCfg = Release|Any CPU
		{A45C72F0-B0FD-4553-A759-DA0E6B412673}.Release|x64.Build.0 = Release|Any CPU
		{A45C72F0-B0FD-4553-A759-DA0E6B412673}.Release|x86.ActiveCfg = Release|Any CPU
		{A45C72F0-B0FD-4553-A759-DA0E6B412673}.Release|x86.Build.0 = Release|Any CPU
		{7A4E2D93-31B2-4B8F-B228-79355BBEDD18}.Debug|Any CPU.ActiveCfg = Debug|Any CPU
		{7A4E2D93-31B2-4B8F-B228-79355BBEDD18}.Debug|Any CPU.Build.0 = Debug|Any CPU
		{7A4E2D93-31B2-4B8F-B228-79355BBEDD18}.Debug|x64.ActiveCfg = Debug|Any CPU
		{7A4E2D93-31B2-4B8F-B228-79355BBEDD18}.Debug|x64.Build.0 = Debug|Any CPU
		{7A4E2D93-31B2-4B8F-B228-79355BBEDD18}.Debug|x86.ActiveCfg = Debug|Any CPU
		{7A4E2D93-31B2-4B8F-B228-79355BBEDD18}.Debug|x86.Build.0 = Debug|Any CPU
		{7A4E2D93-31B2-4B8F-B228-79355BBEDD18}.Release|Any CPU.ActiveCfg = Release|Any CPU
		{7A4E2D93-31B2-4B8F-B228-79355BBEDD18}.Release|Any CPU.Build.0 = Release|Any CPU
		{7A4E2D93-31B2-4B8F-B228-79355BBEDD18}.Release|x64.ActiveCfg = Release|Any CPU
		{7A4E2D93-31B2-4B8F-B228-79355BBEDD18}.Release|x64.Build.0 = Release|Any CPU
		{7A4E2D93-31B2-4B8F-B228-79355BBEDD18}.Release|x86.ActiveCfg = Release|Any CPU
		{7A4E2D93-31B2-4B8F-B228-79355BBEDD18}.Release|x86.Build.0 = Release|Any CPU
		{D65491CD-20EC-4706-9BCC-6F9A52D24D08}.Debug|Any CPU.ActiveCfg = Debug|Any CPU
		{D65491CD-20EC-4706-9BCC-6F9A52D24D08}.Debug|Any CPU.Build.0 = Debug|Any CPU
		{D65491CD-20EC-4706-9BCC-6F9A52D24D08}.Debug|x64.ActiveCfg = Debug|Any CPU
		{D65491CD-20EC-4706-9BCC-6F9A52D24D08}.Debug|x64.Build.0 = Debug|Any CPU
		{D65491CD-20EC-4706-9BCC-6F9A52D24D08}.Debug|x86.ActiveCfg = Debug|Any CPU
		{D65491CD-20EC-4706-9BCC-6F9A52D24D08}.Debug|x86.Build.0 = Debug|Any CPU
		{D65491CD-20EC-4706-9BCC-6F9A52D24D08}.Release|Any CPU.ActiveCfg = Release|Any CPU
		{D65491CD-20EC-4706-9BCC-6F9A52D24D08}.Release|Any CPU.Build.0 = Release|Any CPU
		{D65491CD-20EC-4706-9BCC-6F9A52D24D08}.Release|x64.ActiveCfg = Release|Any CPU
		{D65491CD-20EC-4706-9BCC-6F9A52D24D08}.Release|x64.Build.0 = Release|Any CPU
		{D65491CD-20EC-4706-9BCC-6F9A52D24D08}.Release|x86.ActiveCfg = Release|Any CPU
		{D65491CD-20EC-4706-9BCC-6F9A52D24D08}.Release|x86.Build.0 = Release|Any CPU
		{A4F84DD0-785A-4E9E-AD8D-E64BF091D974}.Debug|Any CPU.ActiveCfg = Debug|Any CPU
		{A4F84DD0-785A-4E9E-AD8D-E64BF091D974}.Debug|Any CPU.Build.0 = Debug|Any CPU
		{A4F84DD0-785A-4E9E-AD8D-E64BF091D974}.Debug|x64.ActiveCfg = Debug|Any CPU
		{A4F84DD0-785A-4E9E-AD8D-E64BF091D974}.Debug|x64.Build.0 = Debug|Any CPU
		{A4F84DD0-785A-4E9E-AD8D-E64BF091D974}.Debug|x86.ActiveCfg = Debug|Any CPU
		{A4F84DD0-785A-4E9E-AD8D-E64BF091D974}.Debug|x86.Build.0 = Debug|Any CPU
		{A4F84DD0-785A-4E9E-AD8D-E64BF091D974}.Release|Any CPU.ActiveCfg = Release|Any CPU
		{A4F84DD0-785A-4E9E-AD8D-E64BF091D974}.Release|Any CPU.Build.0 = Release|Any CPU
		{A4F84DD0-785A-4E9E-AD8D-E64BF091D974}.Release|x64.ActiveCfg = Release|Any CPU
		{A4F84DD0-785A-4E9E-AD8D-E64BF091D974}.Release|x64.Build.0 = Release|Any CPU
		{A4F84DD0-785A-4E9E-AD8D-E64BF091D974}.Release|x86.ActiveCfg = Release|Any CPU
		{A4F84DD0-785A-4E9E-AD8D-E64BF091D974}.Release|x86.Build.0 = Release|Any CPU
		{2FE3351E-D5C0-45CA-9FF0-5AFA2C237200}.Debug|Any CPU.ActiveCfg = Debug|Any CPU
		{2FE3351E-D5C0-45CA-9FF0-5AFA2C237200}.Debug|Any CPU.Build.0 = Debug|Any CPU
		{2FE3351E-D5C0-45CA-9FF0-5AFA2C237200}.Debug|x64.ActiveCfg = Debug|Any CPU
		{2FE3351E-D5C0-45CA-9FF0-5AFA2C237200}.Debug|x64.Build.0 = Debug|Any CPU
		{2FE3351E-D5C0-45CA-9FF0-5AFA2C237200}.Debug|x86.ActiveCfg = Debug|Any CPU
		{2FE3351E-D5C0-45CA-9FF0-5AFA2C237200}.Debug|x86.Build.0 = Debug|Any CPU
		{2FE3351E-D5C0-45CA-9FF0-5AFA2C237200}.Release|Any CPU.ActiveCfg = Release|Any CPU
		{2FE3351E-D5C0-45CA-9FF0-5AFA2C237200}.Release|Any CPU.Build.0 = Release|Any CPU
		{2FE3351E-D5C0-45CA-9FF0-5AFA2C237200}.Release|x64.ActiveCfg = Release|Any CPU
		{2FE3351E-D5C0-45CA-9FF0-5AFA2C237200}.Release|x64.Build.0 = Release|Any CPU
		{2FE3351E-D5C0-45CA-9FF0-5AFA2C237200}.Release|x86.ActiveCfg = Release|Any CPU
		{2FE3351E-D5C0-45CA-9FF0-5AFA2C237200}.Release|x86.Build.0 = Release|Any CPU
		{87CE154B-2FF4-4C7D-8E57-CEAB27B210FF}.Debug|Any CPU.ActiveCfg = Debug|Any CPU
		{87CE154B-2FF4-4C7D-8E57-CEAB27B210FF}.Debug|Any CPU.Build.0 = Debug|Any CPU
		{87CE154B-2FF4-4C7D-8E57-CEAB27B210FF}.Debug|x64.ActiveCfg = Debug|Any CPU
		{87CE154B-2FF4-4C7D-8E57-CEAB27B210FF}.Debug|x64.Build.0 = Debug|Any CPU
		{87CE154B-2FF4-4C7D-8E57-CEAB27B210FF}.Debug|x86.ActiveCfg = Debug|Any CPU
		{87CE154B-2FF4-4C7D-8E57-CEAB27B210FF}.Debug|x86.Build.0 = Debug|Any CPU
		{87CE154B-2FF4-4C7D-8E57-CEAB27B210FF}.Release|Any CPU.ActiveCfg = Release|Any CPU
		{87CE154B-2FF4-4C7D-8E57-CEAB27B210FF}.Release|Any CPU.Build.0 = Release|Any CPU
		{87CE154B-2FF4-4C7D-8E57-CEAB27B210FF}.Release|x64.ActiveCfg = Release|Any CPU
		{87CE154B-2FF4-4C7D-8E57-CEAB27B210FF}.Release|x64.Build.0 = Release|Any CPU
		{87CE154B-2FF4-4C7D-8E57-CEAB27B210FF}.Release|x86.ActiveCfg = Release|Any CPU
		{87CE154B-2FF4-4C7D-8E57-CEAB27B210FF}.Release|x86.Build.0 = Release|Any CPU
		{911CB5C4-586E-456C-A327-00B78D5C14D3}.Debug|Any CPU.ActiveCfg = Debug|Any CPU
		{911CB5C4-586E-456C-A327-00B78D5C14D3}.Debug|Any CPU.Build.0 = Debug|Any CPU
		{911CB5C4-586E-456C-A327-00B78D5C14D3}.Debug|x64.ActiveCfg = Debug|Any CPU
		{911CB5C4-586E-456C-A327-00B78D5C14D3}.Debug|x64.Build.0 = Debug|Any CPU
		{911CB5C4-586E-456C-A327-00B78D5C14D3}.Debug|x86.ActiveCfg = Debug|Any CPU
		{911CB5C4-586E-456C-A327-00B78D5C14D3}.Debug|x86.Build.0 = Debug|Any CPU
		{911CB5C4-586E-456C-A327-00B78D5C14D3}.Release|Any CPU.ActiveCfg = Release|Any CPU
		{911CB5C4-586E-456C-A327-00B78D5C14D3}.Release|Any CPU.Build.0 = Release|Any CPU
		{911CB5C4-586E-456C-A327-00B78D5C14D3}.Release|x64.ActiveCfg = Release|Any CPU
		{911CB5C4-586E-456C-A327-00B78D5C14D3}.Release|x64.Build.0 = Release|Any CPU
		{911CB5C4-586E-456C-A327-00B78D5C14D3}.Release|x86.ActiveCfg = Release|Any CPU
		{911CB5C4-586E-456C-A327-00B78D5C14D3}.Release|x86.Build.0 = Release|Any CPU
		{E388804A-39D7-43C7-AA22-9480F2767514}.Debug|Any CPU.ActiveCfg = Debug|Any CPU
		{E388804A-39D7-43C7-AA22-9480F2767514}.Debug|Any CPU.Build.0 = Debug|Any CPU
		{E388804A-39D7-43C7-AA22-9480F2767514}.Debug|x64.ActiveCfg = Debug|Any CPU
		{E388804A-39D7-43C7-AA22-9480F2767514}.Debug|x64.Build.0 = Debug|Any CPU
		{E388804A-39D7-43C7-AA22-9480F2767514}.Debug|x86.ActiveCfg = Debug|Any CPU
		{E388804A-39D7-43C7-AA22-9480F2767514}.Debug|x86.Build.0 = Debug|Any CPU
		{E388804A-39D7-43C7-AA22-9480F2767514}.Release|Any CPU.ActiveCfg = Release|Any CPU
		{E388804A-39D7-43C7-AA22-9480F2767514}.Release|Any CPU.Build.0 = Release|Any CPU
		{E388804A-39D7-43C7-AA22-9480F2767514}.Release|x64.ActiveCfg = Release|Any CPU
		{E388804A-39D7-43C7-AA22-9480F2767514}.Release|x64.Build.0 = Release|Any CPU
		{E388804A-39D7-43C7-AA22-9480F2767514}.Release|x86.ActiveCfg = Release|Any CPU
		{E388804A-39D7-43C7-AA22-9480F2767514}.Release|x86.Build.0 = Release|Any CPU
		{50438A21-D0F9-48AD-AEF0-376BE9488CF3}.Debug|Any CPU.ActiveCfg = Debug|Any CPU
		{50438A21-D0F9-48AD-AEF0-376BE9488CF3}.Debug|Any CPU.Build.0 = Debug|Any CPU
		{50438A21-D0F9-48AD-AEF0-376BE9488CF3}.Debug|x64.ActiveCfg = Debug|Any CPU
		{50438A21-D0F9-48AD-AEF0-376BE9488CF3}.Debug|x64.Build.0 = Debug|Any CPU
		{50438A21-D0F9-48AD-AEF0-376BE9488CF3}.Debug|x86.ActiveCfg = Debug|Any CPU
		{50438A21-D0F9-48AD-AEF0-376BE9488CF3}.Debug|x86.Build.0 = Debug|Any CPU
		{50438A21-D0F9-48AD-AEF0-376BE9488CF3}.Release|Any CPU.ActiveCfg = Release|Any CPU
		{50438A21-D0F9-48AD-AEF0-376BE9488CF3}.Release|Any CPU.Build.0 = Release|Any CPU
		{50438A21-D0F9-48AD-AEF0-376BE9488CF3}.Release|x64.ActiveCfg = Release|Any CPU
		{50438A21-D0F9-48AD-AEF0-376BE9488CF3}.Release|x64.Build.0 = Release|Any CPU
		{50438A21-D0F9-48AD-AEF0-376BE9488CF3}.Release|x86.ActiveCfg = Release|Any CPU
		{50438A21-D0F9-48AD-AEF0-376BE9488CF3}.Release|x86.Build.0 = Release|Any CPU
		{8A94099D-EE73-490E-93BB-4133E31E3CA0}.Debug|Any CPU.ActiveCfg = Debug|Any CPU
		{8A94099D-EE73-490E-93BB-4133E31E3CA0}.Debug|Any CPU.Build.0 = Debug|Any CPU
		{8A94099D-EE73-490E-93BB-4133E31E3CA0}.Debug|x64.ActiveCfg = Debug|Any CPU
		{8A94099D-EE73-490E-93BB-4133E31E3CA0}.Debug|x64.Build.0 = Debug|Any CPU
		{8A94099D-EE73-490E-93BB-4133E31E3CA0}.Debug|x86.ActiveCfg = Debug|Any CPU
		{8A94099D-EE73-490E-93BB-4133E31E3CA0}.Debug|x86.Build.0 = Debug|Any CPU
		{8A94099D-EE73-490E-93BB-4133E31E3CA0}.Release|Any CPU.ActiveCfg = Release|Any CPU
		{8A94099D-EE73-490E-93BB-4133E31E3CA0}.Release|Any CPU.Build.0 = Release|Any CPU
		{8A94099D-EE73-490E-93BB-4133E31E3CA0}.Release|x64.ActiveCfg = Release|Any CPU
		{8A94099D-EE73-490E-93BB-4133E31E3CA0}.Release|x64.Build.0 = Release|Any CPU
		{8A94099D-EE73-490E-93BB-4133E31E3CA0}.Release|x86.ActiveCfg = Release|Any CPU
		{8A94099D-EE73-490E-93BB-4133E31E3CA0}.Release|x86.Build.0 = Release|Any CPU
		{F08FD25A-DFFD-4A7C-9902-6968FAA12878}.Debug|Any CPU.ActiveCfg = Debug|Any CPU
		{F08FD25A-DFFD-4A7C-9902-6968FAA12878}.Debug|Any CPU.Build.0 = Debug|Any CPU
		{F08FD25A-DFFD-4A7C-9902-6968FAA12878}.Debug|x64.ActiveCfg = Debug|Any CPU
		{F08FD25A-DFFD-4A7C-9902-6968FAA12878}.Debug|x64.Build.0 = Debug|Any CPU
		{F08FD25A-DFFD-4A7C-9902-6968FAA12878}.Debug|x86.ActiveCfg = Debug|Any CPU
		{F08FD25A-DFFD-4A7C-9902-6968FAA12878}.Debug|x86.Build.0 = Debug|Any CPU
		{F08FD25A-DFFD-4A7C-9902-6968FAA12878}.Release|Any CPU.ActiveCfg = Release|Any CPU
		{F08FD25A-DFFD-4A7C-9902-6968FAA12878}.Release|Any CPU.Build.0 = Release|Any CPU
		{F08FD25A-DFFD-4A7C-9902-6968FAA12878}.Release|x64.ActiveCfg = Release|Any CPU
		{F08FD25A-DFFD-4A7C-9902-6968FAA12878}.Release|x64.Build.0 = Release|Any CPU
		{F08FD25A-DFFD-4A7C-9902-6968FAA12878}.Release|x86.ActiveCfg = Release|Any CPU
		{F08FD25A-DFFD-4A7C-9902-6968FAA12878}.Release|x86.Build.0 = Release|Any CPU
		{383DE6C5-3653-4248-85F2-BD2B399C4CEF}.Debug|Any CPU.ActiveCfg = Debug|Any CPU
		{383DE6C5-3653-4248-85F2-BD2B399C4CEF}.Debug|Any CPU.Build.0 = Debug|Any CPU
		{383DE6C5-3653-4248-85F2-BD2B399C4CEF}.Debug|x64.ActiveCfg = Debug|Any CPU
		{383DE6C5-3653-4248-85F2-BD2B399C4CEF}.Debug|x64.Build.0 = Debug|Any CPU
		{383DE6C5-3653-4248-85F2-BD2B399C4CEF}.Debug|x86.ActiveCfg = Debug|Any CPU
		{383DE6C5-3653-4248-85F2-BD2B399C4CEF}.Debug|x86.Build.0 = Debug|Any CPU
		{383DE6C5-3653-4248-85F2-BD2B399C4CEF}.Release|Any CPU.ActiveCfg = Release|Any CPU
		{383DE6C5-3653-4248-85F2-BD2B399C4CEF}.Release|Any CPU.Build.0 = Release|Any CPU
		{383DE6C5-3653-4248-85F2-BD2B399C4CEF}.Release|x64.ActiveCfg = Release|Any CPU
		{383DE6C5-3653-4248-85F2-BD2B399C4CEF}.Release|x64.Build.0 = Release|Any CPU
		{383DE6C5-3653-4248-85F2-BD2B399C4CEF}.Release|x86.ActiveCfg = Release|Any CPU
		{383DE6C5-3653-4248-85F2-BD2B399C4CEF}.Release|x86.Build.0 = Release|Any CPU
		{53BC8ABA-7A90-4B38-BA53-23FBEA297E48}.Debug|Any CPU.ActiveCfg = Debug|Any CPU
		{53BC8ABA-7A90-4B38-BA53-23FBEA297E48}.Debug|Any CPU.Build.0 = Debug|Any CPU
		{53BC8ABA-7A90-4B38-BA53-23FBEA297E48}.Debug|x64.ActiveCfg = Debug|Any CPU
		{53BC8ABA-7A90-4B38-BA53-23FBEA297E48}.Debug|x64.Build.0 = Debug|Any CPU
		{53BC8ABA-7A90-4B38-BA53-23FBEA297E48}.Debug|x86.ActiveCfg = Debug|Any CPU
		{53BC8ABA-7A90-4B38-BA53-23FBEA297E48}.Debug|x86.Build.0 = Debug|Any CPU
		{53BC8ABA-7A90-4B38-BA53-23FBEA297E48}.Release|Any CPU.ActiveCfg = Release|Any CPU
		{53BC8ABA-7A90-4B38-BA53-23FBEA297E48}.Release|Any CPU.Build.0 = Release|Any CPU
		{53BC8ABA-7A90-4B38-BA53-23FBEA297E48}.Release|x64.ActiveCfg = Release|Any CPU
		{53BC8ABA-7A90-4B38-BA53-23FBEA297E48}.Release|x64.Build.0 = Release|Any CPU
		{53BC8ABA-7A90-4B38-BA53-23FBEA297E48}.Release|x86.ActiveCfg = Release|Any CPU
		{53BC8ABA-7A90-4B38-BA53-23FBEA297E48}.Release|x86.Build.0 = Release|Any CPU
		{2C97B186-A6E3-4460-B1C3-02F08B60B52A}.Debug|Any CPU.ActiveCfg = Debug|Any CPU
		{2C97B186-A6E3-4460-B1C3-02F08B60B52A}.Debug|Any CPU.Build.0 = Debug|Any CPU
		{2C97B186-A6E3-4460-B1C3-02F08B60B52A}.Debug|x64.ActiveCfg = Debug|Any CPU
		{2C97B186-A6E3-4460-B1C3-02F08B60B52A}.Debug|x64.Build.0 = Debug|Any CPU
		{2C97B186-A6E3-4460-B1C3-02F08B60B52A}.Debug|x86.ActiveCfg = Debug|Any CPU
		{2C97B186-A6E3-4460-B1C3-02F08B60B52A}.Debug|x86.Build.0 = Debug|Any CPU
		{2C97B186-A6E3-4460-B1C3-02F08B60B52A}.Release|Any CPU.ActiveCfg = Release|Any CPU
		{2C97B186-A6E3-4460-B1C3-02F08B60B52A}.Release|Any CPU.Build.0 = Release|Any CPU
		{2C97B186-A6E3-4460-B1C3-02F08B60B52A}.Release|x64.ActiveCfg = Release|Any CPU
		{2C97B186-A6E3-4460-B1C3-02F08B60B52A}.Release|x64.Build.0 = Release|Any CPU
		{2C97B186-A6E3-4460-B1C3-02F08B60B52A}.Release|x86.ActiveCfg = Release|Any CPU
		{2C97B186-A6E3-4460-B1C3-02F08B60B52A}.Release|x86.Build.0 = Release|Any CPU
		{2EB891D5-4EB2-47A7-BF34-C616B8388C7B}.Debug|Any CPU.ActiveCfg = Debug|Any CPU
		{2EB891D5-4EB2-47A7-BF34-C616B8388C7B}.Debug|Any CPU.Build.0 = Debug|Any CPU
		{2EB891D5-4EB2-47A7-BF34-C616B8388C7B}.Debug|x64.ActiveCfg = Debug|Any CPU
		{2EB891D5-4EB2-47A7-BF34-C616B8388C7B}.Debug|x64.Build.0 = Debug|Any CPU
		{2EB891D5-4EB2-47A7-BF34-C616B8388C7B}.Debug|x86.ActiveCfg = Debug|Any CPU
		{2EB891D5-4EB2-47A7-BF34-C616B8388C7B}.Debug|x86.Build.0 = Debug|Any CPU
		{2EB891D5-4EB2-47A7-BF34-C616B8388C7B}.Release|Any CPU.ActiveCfg = Release|Any CPU
		{2EB891D5-4EB2-47A7-BF34-C616B8388C7B}.Release|Any CPU.Build.0 = Release|Any CPU
		{2EB891D5-4EB2-47A7-BF34-C616B8388C7B}.Release|x64.ActiveCfg = Release|Any CPU
		{2EB891D5-4EB2-47A7-BF34-C616B8388C7B}.Release|x64.Build.0 = Release|Any CPU
		{2EB891D5-4EB2-47A7-BF34-C616B8388C7B}.Release|x86.ActiveCfg = Release|Any CPU
		{2EB891D5-4EB2-47A7-BF34-C616B8388C7B}.Release|x86.Build.0 = Release|Any CPU
		{9D90EA6D-0E4E-44BC-B1DD-519FC19033D3}.Debug|Any CPU.ActiveCfg = Debug|Any CPU
		{9D90EA6D-0E4E-44BC-B1DD-519FC19033D3}.Debug|Any CPU.Build.0 = Debug|Any CPU
		{9D90EA6D-0E4E-44BC-B1DD-519FC19033D3}.Debug|x64.ActiveCfg = Debug|Any CPU
		{9D90EA6D-0E4E-44BC-B1DD-519FC19033D3}.Debug|x64.Build.0 = Debug|Any CPU
		{9D90EA6D-0E4E-44BC-B1DD-519FC19033D3}.Debug|x86.ActiveCfg = Debug|Any CPU
		{9D90EA6D-0E4E-44BC-B1DD-519FC19033D3}.Debug|x86.Build.0 = Debug|Any CPU
		{9D90EA6D-0E4E-44BC-B1DD-519FC19033D3}.Release|Any CPU.ActiveCfg = Release|Any CPU
		{9D90EA6D-0E4E-44BC-B1DD-519FC19033D3}.Release|Any CPU.Build.0 = Release|Any CPU
		{9D90EA6D-0E4E-44BC-B1DD-519FC19033D3}.Release|x64.ActiveCfg = Release|Any CPU
		{9D90EA6D-0E4E-44BC-B1DD-519FC19033D3}.Release|x64.Build.0 = Release|Any CPU
		{9D90EA6D-0E4E-44BC-B1DD-519FC19033D3}.Release|x86.ActiveCfg = Release|Any CPU
		{9D90EA6D-0E4E-44BC-B1DD-519FC19033D3}.Release|x86.Build.0 = Release|Any CPU
		{CA4F4E8A-AD08-468E-BDF9-2916DEA764AF}.Debug|Any CPU.ActiveCfg = Debug|Any CPU
		{CA4F4E8A-AD08-468E-BDF9-2916DEA764AF}.Debug|Any CPU.Build.0 = Debug|Any CPU
		{CA4F4E8A-AD08-468E-BDF9-2916DEA764AF}.Debug|x64.ActiveCfg = Debug|Any CPU
		{CA4F4E8A-AD08-468E-BDF9-2916DEA764AF}.Debug|x64.Build.0 = Debug|Any CPU
		{CA4F4E8A-AD08-468E-BDF9-2916DEA764AF}.Debug|x86.ActiveCfg = Debug|Any CPU
		{CA4F4E8A-AD08-468E-BDF9-2916DEA764AF}.Debug|x86.Build.0 = Debug|Any CPU
		{CA4F4E8A-AD08-468E-BDF9-2916DEA764AF}.Release|Any CPU.ActiveCfg = Release|Any CPU
		{CA4F4E8A-AD08-468E-BDF9-2916DEA764AF}.Release|Any CPU.Build.0 = Release|Any CPU
		{CA4F4E8A-AD08-468E-BDF9-2916DEA764AF}.Release|x64.ActiveCfg = Release|Any CPU
		{CA4F4E8A-AD08-468E-BDF9-2916DEA764AF}.Release|x64.Build.0 = Release|Any CPU
		{CA4F4E8A-AD08-468E-BDF9-2916DEA764AF}.Release|x86.ActiveCfg = Release|Any CPU
		{CA4F4E8A-AD08-468E-BDF9-2916DEA764AF}.Release|x86.Build.0 = Release|Any CPU
		{CBAF943C-8093-423D-A69B-FDEF75F1C677}.Debug|Any CPU.ActiveCfg = Debug|Any CPU
		{CBAF943C-8093-423D-A69B-FDEF75F1C677}.Debug|Any CPU.Build.0 = Debug|Any CPU
		{CBAF943C-8093-423D-A69B-FDEF75F1C677}.Debug|x64.ActiveCfg = Debug|Any CPU
		{CBAF943C-8093-423D-A69B-FDEF75F1C677}.Debug|x64.Build.0 = Debug|Any CPU
		{CBAF943C-8093-423D-A69B-FDEF75F1C677}.Debug|x86.ActiveCfg = Debug|Any CPU
		{CBAF943C-8093-423D-A69B-FDEF75F1C677}.Debug|x86.Build.0 = Debug|Any CPU
		{CBAF943C-8093-423D-A69B-FDEF75F1C677}.Release|Any CPU.ActiveCfg = Release|Any CPU
		{CBAF943C-8093-423D-A69B-FDEF75F1C677}.Release|Any CPU.Build.0 = Release|Any CPU
		{CBAF943C-8093-423D-A69B-FDEF75F1C677}.Release|x64.ActiveCfg = Release|Any CPU
		{CBAF943C-8093-423D-A69B-FDEF75F1C677}.Release|x64.Build.0 = Release|Any CPU
		{CBAF943C-8093-423D-A69B-FDEF75F1C677}.Release|x86.ActiveCfg = Release|Any CPU
		{CBAF943C-8093-423D-A69B-FDEF75F1C677}.Release|x86.Build.0 = Release|Any CPU
		{2715C983-AA77-4BEB-96C1-459A99F8A3F5}.Debug|Any CPU.ActiveCfg = Debug|Any CPU
		{2715C983-AA77-4BEB-96C1-459A99F8A3F5}.Debug|Any CPU.Build.0 = Debug|Any CPU
		{2715C983-AA77-4BEB-96C1-459A99F8A3F5}.Debug|x64.ActiveCfg = Debug|Any CPU
		{2715C983-AA77-4BEB-96C1-459A99F8A3F5}.Debug|x64.Build.0 = Debug|Any CPU
		{2715C983-AA77-4BEB-96C1-459A99F8A3F5}.Debug|x86.ActiveCfg = Debug|Any CPU
		{2715C983-AA77-4BEB-96C1-459A99F8A3F5}.Debug|x86.Build.0 = Debug|Any CPU
		{2715C983-AA77-4BEB-96C1-459A99F8A3F5}.Release|Any CPU.ActiveCfg = Release|Any CPU
		{2715C983-AA77-4BEB-96C1-459A99F8A3F5}.Release|Any CPU.Build.0 = Release|Any CPU
		{2715C983-AA77-4BEB-96C1-459A99F8A3F5}.Release|x64.ActiveCfg = Release|Any CPU
		{2715C983-AA77-4BEB-96C1-459A99F8A3F5}.Release|x64.Build.0 = Release|Any CPU
		{2715C983-AA77-4BEB-96C1-459A99F8A3F5}.Release|x86.ActiveCfg = Release|Any CPU
		{2715C983-AA77-4BEB-96C1-459A99F8A3F5}.Release|x86.Build.0 = Release|Any CPU
		{680FDCE5-99C7-4EB2-9A60-6507D94040AB}.Debug|Any CPU.ActiveCfg = Debug|Any CPU
		{680FDCE5-99C7-4EB2-9A60-6507D94040AB}.Debug|Any CPU.Build.0 = Debug|Any CPU
		{680FDCE5-99C7-4EB2-9A60-6507D94040AB}.Debug|x64.ActiveCfg = Debug|Any CPU
		{680FDCE5-99C7-4EB2-9A60-6507D94040AB}.Debug|x64.Build.0 = Debug|Any CPU
		{680FDCE5-99C7-4EB2-9A60-6507D94040AB}.Debug|x86.ActiveCfg = Debug|Any CPU
		{680FDCE5-99C7-4EB2-9A60-6507D94040AB}.Debug|x86.Build.0 = Debug|Any CPU
		{680FDCE5-99C7-4EB2-9A60-6507D94040AB}.Release|Any CPU.ActiveCfg = Release|Any CPU
		{680FDCE5-99C7-4EB2-9A60-6507D94040AB}.Release|Any CPU.Build.0 = Release|Any CPU
		{680FDCE5-99C7-4EB2-9A60-6507D94040AB}.Release|x64.ActiveCfg = Release|Any CPU
		{680FDCE5-99C7-4EB2-9A60-6507D94040AB}.Release|x64.Build.0 = Release|Any CPU
		{680FDCE5-99C7-4EB2-9A60-6507D94040AB}.Release|x86.ActiveCfg = Release|Any CPU
		{680FDCE5-99C7-4EB2-9A60-6507D94040AB}.Release|x86.Build.0 = Release|Any CPU
		{7F4384A0-843C-4630-B6D1-3DA6BD5C93F1}.Debug|Any CPU.ActiveCfg = Debug|Any CPU
		{7F4384A0-843C-4630-B6D1-3DA6BD5C93F1}.Debug|Any CPU.Build.0 = Debug|Any CPU
		{7F4384A0-843C-4630-B6D1-3DA6BD5C93F1}.Debug|x64.ActiveCfg = Debug|Any CPU
		{7F4384A0-843C-4630-B6D1-3DA6BD5C93F1}.Debug|x64.Build.0 = Debug|Any CPU
		{7F4384A0-843C-4630-B6D1-3DA6BD5C93F1}.Debug|x86.ActiveCfg = Debug|Any CPU
		{7F4384A0-843C-4630-B6D1-3DA6BD5C93F1}.Debug|x86.Build.0 = Debug|Any CPU
		{7F4384A0-843C-4630-B6D1-3DA6BD5C93F1}.Release|Any CPU.ActiveCfg = Release|Any CPU
		{7F4384A0-843C-4630-B6D1-3DA6BD5C93F1}.Release|Any CPU.Build.0 = Release|Any CPU
		{7F4384A0-843C-4630-B6D1-3DA6BD5C93F1}.Release|x64.ActiveCfg = Release|Any CPU
		{7F4384A0-843C-4630-B6D1-3DA6BD5C93F1}.Release|x64.Build.0 = Release|Any CPU
		{7F4384A0-843C-4630-B6D1-3DA6BD5C93F1}.Release|x86.ActiveCfg = Release|Any CPU
		{7F4384A0-843C-4630-B6D1-3DA6BD5C93F1}.Release|x86.Build.0 = Release|Any CPU
		{AF6DCC37-617D-45D2-8C61-9978F44FBAC3}.Debug|Any CPU.ActiveCfg = Debug|Any CPU
		{AF6DCC37-617D-45D2-8C61-9978F44FBAC3}.Debug|Any CPU.Build.0 = Debug|Any CPU
		{AF6DCC37-617D-45D2-8C61-9978F44FBAC3}.Debug|x64.ActiveCfg = Debug|Any CPU
		{AF6DCC37-617D-45D2-8C61-9978F44FBAC3}.Debug|x64.Build.0 = Debug|Any CPU
		{AF6DCC37-617D-45D2-8C61-9978F44FBAC3}.Debug|x86.ActiveCfg = Debug|Any CPU
		{AF6DCC37-617D-45D2-8C61-9978F44FBAC3}.Debug|x86.Build.0 = Debug|Any CPU
		{AF6DCC37-617D-45D2-8C61-9978F44FBAC3}.Release|Any CPU.ActiveCfg = Release|Any CPU
		{AF6DCC37-617D-45D2-8C61-9978F44FBAC3}.Release|Any CPU.Build.0 = Release|Any CPU
		{AF6DCC37-617D-45D2-8C61-9978F44FBAC3}.Release|x64.ActiveCfg = Release|Any CPU
		{AF6DCC37-617D-45D2-8C61-9978F44FBAC3}.Release|x64.Build.0 = Release|Any CPU
		{AF6DCC37-617D-45D2-8C61-9978F44FBAC3}.Release|x86.ActiveCfg = Release|Any CPU
		{AF6DCC37-617D-45D2-8C61-9978F44FBAC3}.Release|x86.Build.0 = Release|Any CPU
		{A1A91AF7-7EEB-4A3E-828E-0B546DE29320}.Debug|Any CPU.ActiveCfg = Debug|Any CPU
		{A1A91AF7-7EEB-4A3E-828E-0B546DE29320}.Debug|Any CPU.Build.0 = Debug|Any CPU
		{A1A91AF7-7EEB-4A3E-828E-0B546DE29320}.Debug|x64.ActiveCfg = Debug|Any CPU
		{A1A91AF7-7EEB-4A3E-828E-0B546DE29320}.Debug|x64.Build.0 = Debug|Any CPU
		{A1A91AF7-7EEB-4A3E-828E-0B546DE29320}.Debug|x86.ActiveCfg = Debug|Any CPU
		{A1A91AF7-7EEB-4A3E-828E-0B546DE29320}.Debug|x86.Build.0 = Debug|Any CPU
		{A1A91AF7-7EEB-4A3E-828E-0B546DE29320}.Release|Any CPU.ActiveCfg = Release|Any CPU
		{A1A91AF7-7EEB-4A3E-828E-0B546DE29320}.Release|Any CPU.Build.0 = Release|Any CPU
		{A1A91AF7-7EEB-4A3E-828E-0B546DE29320}.Release|x64.ActiveCfg = Release|Any CPU
		{A1A91AF7-7EEB-4A3E-828E-0B546DE29320}.Release|x64.Build.0 = Release|Any CPU
		{A1A91AF7-7EEB-4A3E-828E-0B546DE29320}.Release|x86.ActiveCfg = Release|Any CPU
		{A1A91AF7-7EEB-4A3E-828E-0B546DE29320}.Release|x86.Build.0 = Release|Any CPU
		{53B40C40-7AC6-4B77-9C83-DA10E6DDE198}.Debug|Any CPU.ActiveCfg = Debug|Any CPU
		{53B40C40-7AC6-4B77-9C83-DA10E6DDE198}.Debug|Any CPU.Build.0 = Debug|Any CPU
		{53B40C40-7AC6-4B77-9C83-DA10E6DDE198}.Debug|x64.ActiveCfg = Debug|Any CPU
		{53B40C40-7AC6-4B77-9C83-DA10E6DDE198}.Debug|x64.Build.0 = Debug|Any CPU
		{53B40C40-7AC6-4B77-9C83-DA10E6DDE198}.Debug|x86.ActiveCfg = Debug|Any CPU
		{53B40C40-7AC6-4B77-9C83-DA10E6DDE198}.Debug|x86.Build.0 = Debug|Any CPU
		{53B40C40-7AC6-4B77-9C83-DA10E6DDE198}.Release|Any CPU.ActiveCfg = Release|Any CPU
		{53B40C40-7AC6-4B77-9C83-DA10E6DDE198}.Release|Any CPU.Build.0 = Release|Any CPU
		{53B40C40-7AC6-4B77-9C83-DA10E6DDE198}.Release|x64.ActiveCfg = Release|Any CPU
		{53B40C40-7AC6-4B77-9C83-DA10E6DDE198}.Release|x64.Build.0 = Release|Any CPU
		{53B40C40-7AC6-4B77-9C83-DA10E6DDE198}.Release|x86.ActiveCfg = Release|Any CPU
		{53B40C40-7AC6-4B77-9C83-DA10E6DDE198}.Release|x86.Build.0 = Release|Any CPU
	EndGlobalSection
	GlobalSection(SolutionProperties) = preSolution
		HideSolutionNode = FALSE
	EndGlobalSection
	GlobalSection(NestedProjects) = preSolution
		{90298CBA-BD6F-3A0A-69D5-97CAD7B05E7E} = {827E0CD3-B72D-47B6-A68D-7590B98EB39B}
		{F595250C-D1E7-4513-8FF8-CB6BE9A15235} = {90298CBA-BD6F-3A0A-69D5-97CAD7B05E7E}
		{864A0714-2148-4B82-AD7D-7F3624CDDA6C} = {90298CBA-BD6F-3A0A-69D5-97CAD7B05E7E}
		{D6C4C2C9-6B9A-4495-A062-2063D779A80F} = {90298CBA-BD6F-3A0A-69D5-97CAD7B05E7E}
		{A45C72F0-B0FD-4553-A759-DA0E6B412673} = {90298CBA-BD6F-3A0A-69D5-97CAD7B05E7E}
		{6306A8FB-679E-111F-6585-8F70E0EE6013} = {827E0CD3-B72D-47B6-A68D-7590B98EB39B}
		{7A4E2D93-31B2-4B8F-B228-79355BBEDD18} = {6306A8FB-679E-111F-6585-8F70E0EE6013}
		{984BB9B3-3FA3-BE33-9484-CAC21695A33C} = {827E0CD3-B72D-47B6-A68D-7590B98EB39B}
		{D65491CD-20EC-4706-9BCC-6F9A52D24D08} = {984BB9B3-3FA3-BE33-9484-CAC21695A33C}
		{A4F84DD0-785A-4E9E-AD8D-E64BF091D974} = {984BB9B3-3FA3-BE33-9484-CAC21695A33C}
		{2FE3351E-D5C0-45CA-9FF0-5AFA2C237200} = {984BB9B3-3FA3-BE33-9484-CAC21695A33C}
		{87CE154B-2FF4-4C7D-8E57-CEAB27B210FF} = {984BB9B3-3FA3-BE33-9484-CAC21695A33C}
		{911CB5C4-586E-456C-A327-00B78D5C14D3} = {984BB9B3-3FA3-BE33-9484-CAC21695A33C}
		{E388804A-39D7-43C7-AA22-9480F2767514} = {984BB9B3-3FA3-BE33-9484-CAC21695A33C}
		{50438A21-D0F9-48AD-AEF0-376BE9488CF3} = {984BB9B3-3FA3-BE33-9484-CAC21695A33C}
		{875CD587-DE2F-08EE-74FB-D6BE4E474EF3} = {0AB3BF05-4346-4AA6-1389-037BE0695223}
		{8A94099D-EE73-490E-93BB-4133E31E3CA0} = {875CD587-DE2F-08EE-74FB-D6BE4E474EF3}
		{28A6993C-471E-82FE-7D9E-AD3B1EC22BD9} = {0AB3BF05-4346-4AA6-1389-037BE0695223}
		{F08FD25A-DFFD-4A7C-9902-6968FAA12878} = {28A6993C-471E-82FE-7D9E-AD3B1EC22BD9}
		{9D556B49-86D1-93A7-9596-FFAAB74EC556} = {0AB3BF05-4346-4AA6-1389-037BE0695223}
		{383DE6C5-3653-4248-85F2-BD2B399C4CEF} = {9D556B49-86D1-93A7-9596-FFAAB74EC556}
		{DCB6FCB8-FF92-AC57-0842-1F72A354D6B1} = {827E0CD3-B72D-47B6-A68D-7590B98EB39B}
		{53BC8ABA-7A90-4B38-BA53-23FBEA297E48} = {DCB6FCB8-FF92-AC57-0842-1F72A354D6B1}
		{2C97B186-A6E3-4460-B1C3-02F08B60B52A} = {DCB6FCB8-FF92-AC57-0842-1F72A354D6B1}
		{A1B2C3D4-5E6F-4789-ABCD-1029384756EF} = {DCB6FCB8-FF92-AC57-0842-1F72A354D6B1}
		{2EB891D5-4EB2-47A7-BF34-C616B8388C7B} = {984BB9B3-3FA3-BE33-9484-CAC21695A33C}
		{9D90EA6D-0E4E-44BC-B1DD-519FC19033D3} = {984BB9B3-3FA3-BE33-9484-CAC21695A33C}
		{CA4F4E8A-AD08-468E-BDF9-2916DEA764AF} = {984BB9B3-3FA3-BE33-9484-CAC21695A33C}
		{00B920E4-100F-D869-D8B1-04B3A2ED45DA} = {827E0CD3-B72D-47B6-A68D-7590B98EB39B}
		{CBAF943C-8093-423D-A69B-FDEF75F1C677} = {00B920E4-100F-D869-D8B1-04B3A2ED45DA}
		{2715C983-AA77-4BEB-96C1-459A99F8A3F5} = {984BB9B3-3FA3-BE33-9484-CAC21695A33C}
		{680FDCE5-99C7-4EB2-9A60-6507D94040AB} = {6306A8FB-679E-111F-6585-8F70E0EE6013}
		{7F4384A0-843C-4630-B6D1-3DA6BD5C93F1} = {6306A8FB-679E-111F-6585-8F70E0EE6013}
		{AF6DCC37-617D-45D2-8C61-9978F44FBAC3} = {7266C4A9-E384-DC00-0EB6-47F6002CFBA7}
		{A1A91AF7-7EEB-4A3E-828E-0B546DE29320} = {984BB9B3-3FA3-BE33-9484-CAC21695A33C}
		{53B40C40-7AC6-4B77-9C83-DA10E6DDE198} = {984BB9B3-3FA3-BE33-9484-CAC21695A33C}
	EndGlobalSection
EndGlobal
